{
  "version": 4,
  "terraform_version": "1.6.6",
  "serial": 10,
  "lineage": "c9aca44d-79d6-20bf-ffd6-2a4575193ae5",
  "outputs": {
    "private_key_pem": {
      "value": "-----BEGIN RSA PRIVATE KEY-----\nMIIEpQIBAAKCAQEAsOVoeSXFdh2Tlf9hmOdYG2ax8EOoCYlR2akBWEkruKF4nkOL\nfsaCm3WqMcuw86HbaJuibLZr3+k5ZTGlfsEJzAScTd35Xd7gx6rssrpvOwVoN5b7\nC9ByuH6gmnw1phjfBdX4J49bHH4jYDmWcMp6Z+nxX4kTMToTIgQOeAfctWmTyqWK\ncKgtGIKqNfk1xKG1DGgQlIA6Q8QXFVU8l0LkWeJfcDlsgdGJByH5BeduLApNBZmO\ncQ/2vkg/DSuC0AK4NfjCl9TCHigGt7Y88Azg9o2+IPQzyFXTHhtzuyZdwenVyRoO\nfm5oxsWrp8laZpLCNAcg6RbtmW+0/+DNnxjURwIDAQABAoIBABkjMHpuvKWxRES/\ner4AuguCx2xuINXiFqiIlLFYDId7IqnSzWLhkLPIv7u9x1KHwKcX3rf2IFQ8TzSr\nHmppwhuk2BVUotgNEQIurt4jEiVf+lRT9y7Rm0vOasIpPnJw/FhW9KGihH8DCcHl\nzRQQId7cZrl9wCVxrEBcNTYnX9zDfFApgXTvDuAa0AlAF//s4ZcDpnlW2wiDNY5q\nBged+at/oaLWD0P/SGpusehcrwC4PxBkxkOGNeCT0Be0kmCTW9qDowsQG2Uvnpg3\nKmEAFYY+iPkC3PugWjlgQjh/WokcmbjqQyZtngHPdsX30PjMFuffbPUpy4bkao+L\ngConq1ECgYEA6ClXMSWarVCrFf4TWDSYzmv05ZJhCoHt8nAL/wvEO1dVUKXhrsDU\nIiOFGHQUs0Cu1Ev7QrziO644Lfs8gnlLKMS4RO/AaIx5DBGiycij+VK9RRuSf0sR\nUdfHbN0ky61Rf1zMvEu0jBsdz41gqkRljPaTnL3VZUJ8kImRgVSYdtkCgYEAww9Y\n6jNC1P2JH4ApV7+QyibOjb9Cxhvhy95H/cEKydh8QjVdGULpp2KGIopUfj3Cx3Y/\noogaAq0Oz7AxoY3y11QEqR/ClixOQNTQHT96GSM4wgr3YT2mbEfv0KOh4eTmG2Qj\nbUhksNeYx7HhsaDljcEAe1Q4eEuEIa/XZr6P8B8CgYEAxf6b0dpUNANcJYFuVgdl\nWoZPcYqJIED3AY/1aypJzKIKrKEL+9GQGR1Z4ST+knFTqNK0EpKsDmHin7RoQo3X\nP4ml7YTa/07t3REdWCG5VmTt7gY5xj3rI3V3KqzfOKUzn/8wzFV0QRjPL7dO/Wcf\nhDy2XzK2z4kIWuw4H6hZ7uECgYEApkOQsKBdGRu7JASkOM1q50TIz331ttPRVWr0\nxlEjlwVWdUDzSDMG4sxSNWLfvnN6cXZTq4CDW0CT3Wf8Bg7urahKCLavsD23vf8o\nHaYbtw2UtaGPV22rS6TNv3Oa6uenVDW5FM+eNDaxXZY8IKJayMd4V6dkMvV7fRNb\ncZKBMlUCgYEAhHC2ecAOzWUe0MCVmg3lw9KZb7mRiDlotlw3fZ0ZB78OglKJ/E4p\njp44ERVKC6rLKbOYDcVfMbbpupLt+uiblQxMWtaLeCZX6mCcRKN59sXiDZtkcxmM\ndTyNBQQCU2VTmJPlj5EaQtrosgkxvzzyUhwEyONSDzRdFxVhhDNng9g=\n-----END RSA PRIVATE KEY-----\n",
      "type": "string",
      "sensitive": true
    },
    "public_ip": {
      "value": "3.84.44.232",
      "type": "string"
    }
  },
  "resources": [
    {
      "mode": "managed",
      "type": "aws_instance",
      "name": "server",
      "provider": "provider[\"registry.terraform.io/hashicorp/aws\"]",
      "instances": [
        {
          "schema_version": 1,
          "attributes": {
            "ami": "ami-0261755bbcb8c4a84",
            "arn": "arn:aws:ec2:us-east-1:905418266992:instance/i-085f6f189cae22b87",
            "associate_public_ip_address": true,
            "availability_zone": "us-east-1a",
            "capacity_reservation_specification": [
              {
                "capacity_reservation_preference": "open",
                "capacity_reservation_target": []
              }
            ],
            "cpu_core_count": 1,
            "cpu_options": [
              {
                "amd_sev_snp": "",
                "core_count": 1,
                "threads_per_core": 1
              }
            ],
            "cpu_threads_per_core": 1,
            "credit_specification": [
              {
                "cpu_credits": "standard"
              }
            ],
            "disable_api_stop": false,
            "disable_api_termination": false,
            "ebs_block_device": [],
            "ebs_optimized": false,
            "enclave_options": [
              {
                "enabled": false
              }
            ],
            "ephemeral_block_device": [],
            "get_password_data": false,
            "hibernation": false,
            "host_id": "",
            "host_resource_group_arn": null,
            "iam_instance_profile": "",
            "id": "i-085f6f189cae22b87",
            "instance_initiated_shutdown_behavior": "stop",
            "instance_lifecycle": "",
            "instance_market_options": [],
            "instance_state": "running",
            "instance_type": "t2.micro",
            "ipv6_address_count": 0,
            "ipv6_addresses": [],
            "key_name": "example-key",
            "launch_template": [],
            "maintenance_options": [
              {
                "auto_recovery": "default"
              }
            ],
            "metadata_options": [
              {
                "http_endpoint": "enabled",
                "http_protocol_ipv6": "disabled",
                "http_put_response_hop_limit": 1,
                "http_tokens": "optional",
                "instance_metadata_tags": "disabled"
              }
            ],
            "monitoring": false,
            "network_interface": [],
            "outpost_arn": "",
            "password_data": "",
            "placement_group": "",
            "placement_partition_number": 0,
            "primary_network_interface_id": "eni-065a4cb1838a65310",
            "private_dns": "ip-10-0-0-28.ec2.internal",
            "private_dns_name_options": [
              {
                "enable_resource_name_dns_a_record": false,
                "enable_resource_name_dns_aaaa_record": false,
                "hostname_type": "ip-name"
              }
            ],
            "private_ip": "10.0.0.28",
            "public_dns": "",
            "public_ip": "3.84.44.232",
            "root_block_device": [
              {
                "delete_on_termination": true,
                "device_name": "/dev/sda1",
                "encrypted": false,
                "iops": 100,
                "kms_key_id": "",
                "tags": {},
                "tags_all": {},
                "throughput": 0,
                "volume_id": "vol-0c917011e5b4bf712",
                "volume_size": 8,
                "volume_type": "gp2"
              }
            ],
            "secondary_private_ips": [],
            "security_groups": [],
            "source_dest_check": true,
            "spot_instance_request_id": "",
            "subnet_id": "subnet-0f3ae9a0d250db80a",
            "tags": null,
            "tags_all": {},
            "tenancy": "default",
            "timeouts": null,
            "user_data": null,
            "user_data_base64": null,
            "user_data_replace_on_change": false,
            "volume_tags": null,
            "vpc_security_group_ids": [
              "sg-05928b89125164098"
            ]
          },
          "sensitive_attributes": [],
          "private": "eyJlMmJmYjczMC1lY2FhLTExZTYtOGY4OC0zNDM2M2JjN2M0YzAiOnsiY3JlYXRlIjo2MDAwMDAwMDAwMDAsImRlbGV0ZSI6MTIwMDAwMDAwMDAwMCwicmVhZCI6OTAwMDAwMDAwMDAwLCJ1cGRhdGUiOjYwMDAwMDAwMDAwMH0sInNjaGVtYV92ZXJzaW9uIjoiMSJ9",
          "dependencies": [
            "aws_key_pair.example",
            "aws_security_group.webSg",
            "aws_subnet.sub1",
            "aws_vpc.myvpc",
            "tls_private_key.example"
          ]
        }
      ]
    },
    {
      "mode": "managed",
      "type": "aws_internet_gateway",
      "name": "igw",
      "provider": "provider[\"registry.terraform.io/hashicorp/aws\"]",
      "instances": [
        {
          "schema_version": 0,
          "attributes": {
            "arn": "arn:aws:ec2:us-east-1:905418266992:internet-gateway/igw-063bb580fd7c19bab",
            "id": "igw-063bb580fd7c19bab",
            "owner_id": "905418266992",
            "tags": null,
            "tags_all": {},
            "timeouts": null,
            "vpc_id": "vpc-0e1fb4b9f64fb79bc"
          },
          "sensitive_attributes": [],
          "private": "eyJlMmJmYjczMC1lY2FhLTExZTYtOGY4OC0zNDM2M2JjN2M0YzAiOnsiY3JlYXRlIjoxMjAwMDAwMDAwMDAwLCJkZWxldGUiOjEyMDAwMDAwMDAwMDAsInVwZGF0ZSI6MTIwMDAwMDAwMDAwMH19",
          "dependencies": [
            "aws_vpc.myvpc"
          ]
        }
      ]
    },
    {
      "mode": "managed",
      "type": "aws_key_pair",
      "name": "example",
      "provider": "provider[\"registry.terraform.io/hashicorp/aws\"]",
      "instances": [
        {
          "schema_version": 1,
          "attributes": {
            "arn": "arn:aws:ec2:us-east-1:905418266992:key-pair/example-key",
            "fingerprint": "ed:b1:c7:af:05:a4:6c:a2:d5:44:8a:56:45:68:b8:e0",
            "id": "example-key",
            "key_name": "example-key",
            "key_name_prefix": "",
            "key_pair_id": "key-0befc0aaaabeee487",
            "key_type": "rsa",
            "public_key": "ssh-rsa AAAAB3NzaC1yc2EAAAADAQABAAABAQCw5Wh5JcV2HZOV/2GY51gbZrHwQ6gJiVHZqQFYSSu4oXieQ4t+xoKbdaoxy7Dzodtom6Jstmvf6TllMaV+wQnMBJxN3fld3uDHquyyum87BWg3lvsL0HK4fqCafDWmGN8F1fgnj1scfiNgOZZwynpn6fFfiRMxOhMiBA54B9y1aZPKpYpwqC0Ygqo1+TXEobUMaBCUgDpDxBcVVTyXQuRZ4l9wOWyB0YkHIfkF524sCk0FmY5xD/a+SD8NK4LQArg1+MKX1MIeKAa3tjzwDOD2jb4g9DPIVdMeG3O7Jl3B6dXJGg5+bmjGxaunyVpmksI0ByDpFu2Zb7T/4M2fGNRH",
            "tags": null,
            "tags_all": {}
          },
          "sensitive_attributes": [],
          "private": "eyJzY2hlbWFfdmVyc2lvbiI6IjEifQ==",
          "dependencies": [
            "tls_private_key.example"
          ]
        }
      ]
    },
    {
      "mode": "managed",
      "type": "aws_route_table",
      "name": "RT",
      "provider": "provider[\"registry.terraform.io/hashicorp/aws\"]",
      "instances": [
        {
          "schema_version": 0,
          "attributes": {
            "arn": "arn:aws:ec2:us-east-1:905418266992:route-table/rtb-0c390ff34ecb5ad98",
            "id": "rtb-0c390ff34ecb5ad98",
            "owner_id": "905418266992",
            "propagating_vgws": [],
            "route": [
              {
                "carrier_gateway_id": "",
                "cidr_block": "0.0.0.0/0",
                "core_network_arn": "",
                "destination_prefix_list_id": "",
                "egress_only_gateway_id": "",
                "gateway_id": "igw-063bb580fd7c19bab",
                "ipv6_cidr_block": "",
                "local_gateway_id": "",
                "nat_gateway_id": "",
                "network_interface_id": "",
                "transit_gateway_id": "",
                "vpc_endpoint_id": "",
                "vpc_peering_connection_id": ""
              }
            ],
            "tags": null,
            "tags_all": {},
            "timeouts": null,
            "vpc_id": "vpc-0e1fb4b9f64fb79bc"
          },
          "sensitive_attributes": [],
          "private": "eyJlMmJmYjczMC1lY2FhLTExZTYtOGY4OC0zNDM2M2JjN2M0YzAiOnsiY3JlYXRlIjozMDAwMDAwMDAwMDAsImRlbGV0ZSI6MzAwMDAwMDAwMDAwLCJ1cGRhdGUiOjEyMDAwMDAwMDAwMH19",
          "dependencies": [
            "aws_internet_gateway.igw",
            "aws_vpc.myvpc"
          ]
        }
      ]
    },
    {
      "mode": "managed",
      "type": "aws_route_table_association",
      "name": "rta1",
      "provider": "provider[\"registry.terraform.io/hashicorp/aws\"]",
      "instances": [
        {
          "schema_version": 0,
          "attributes": {
            "gateway_id": "",
            "id": "rtbassoc-0ffc0fe0f6eb7eae6",
            "route_table_id": "rtb-0c390ff34ecb5ad98",
            "subnet_id": "subnet-0f3ae9a0d250db80a",
            "timeouts": null
          },
          "sensitive_attributes": [],
          "private": "eyJlMmJmYjczMC1lY2FhLTExZTYtOGY4OC0zNDM2M2JjN2M0YzAiOnsiY3JlYXRlIjozMDAwMDAwMDAwMDAsImRlbGV0ZSI6MzAwMDAwMDAwMDAwLCJ1cGRhdGUiOjEyMDAwMDAwMDAwMH19",
          "dependencies": [
            "aws_internet_gateway.igw",
            "aws_route_table.RT",
            "aws_subnet.sub1",
            "aws_vpc.myvpc"
          ]
        }
      ]
    },
    {
      "mode": "managed",
      "type": "aws_security_group",
      "name": "webSg",
      "provider": "provider[\"registry.terraform.io/hashicorp/aws\"]",
      "instances": [
        {
          "schema_version": 1,
          "attributes": {
            "arn": "arn:aws:ec2:us-east-1:905418266992:security-group/sg-05928b89125164098",
            "description": "Managed by Terraform",
            "egress": [
              {
                "cidr_blocks": [
                  "0.0.0.0/0"
                ],
                "description": "",
                "from_port": 0,
                "ipv6_cidr_blocks": [],
                "prefix_list_ids": [],
                "protocol": "-1",
                "security_groups": [],
                "self": false,
                "to_port": 0
              }
            ],
            "id": "sg-05928b89125164098",
            "ingress": [
              {
                "cidr_blocks": [
                  "0.0.0.0/0"
                ],
                "description": "HTTP from VPC",
                "from_port": 80,
                "ipv6_cidr_blocks": [],
                "prefix_list_ids": [],
                "protocol": "tcp",
                "security_groups": [],
                "self": false,
                "to_port": 80
              },
              {
                "cidr_blocks": [
                  "0.0.0.0/0"
                ],
                "description": "SSH",
                "from_port": 22,
                "ipv6_cidr_blocks": [],
                "prefix_list_ids": [],
                "protocol": "tcp",
                "security_groups": [],
                "self": false,
                "to_port": 22
              }
            ],
            "name": "web",
            "name_prefix": "",
            "owner_id": "905418266992",
            "revoke_rules_on_delete": false,
            "tags": {
              "Name": "Web-sg"
            },
            "tags_all": {
              "Name": "Web-sg"
            },
            "timeouts": null,
            "vpc_id": "vpc-0e1fb4b9f64fb79bc"
          },
          "sensitive_attributes": [],
          "private": "eyJlMmJmYjczMC1lY2FhLTExZTYtOGY4OC0zNDM2M2JjN2M0YzAiOnsiY3JlYXRlIjo2MDAwMDAwMDAwMDAsImRlbGV0ZSI6OTAwMDAwMDAwMDAwfSwic2NoZW1hX3ZlcnNpb24iOiIxIn0=",
          "dependencies": [
            "aws_vpc.myvpc"
          ]
        }
      ]
    },
    {
      "mode": "managed",
      "type": "aws_subnet",
      "name": "sub1",
      "provider": "provider[\"registry.terraform.io/hashicorp/aws\"]",
      "instances": [
        {
          "schema_version": 1,
          "attributes": {
            "arn": "arn:aws:ec2:us-east-1:905418266992:subnet/subnet-0f3ae9a0d250db80a",
            "assign_ipv6_address_on_creation": false,
            "availability_zone": "us-east-1a",
            "availability_zone_id": "use1-az2",
            "cidr_block": "10.0.0.0/24",
            "customer_owned_ipv4_pool": "",
            "enable_dns64": false,
            "enable_lni_at_device_index": 0,
            "enable_resource_name_dns_a_record_on_launch": false,
            "enable_resource_name_dns_aaaa_record_on_launch": false,
            "id": "subnet-0f3ae9a0d250db80a",
            "ipv6_cidr_block": "",
            "ipv6_cidr_block_association_id": "",
            "ipv6_native": false,
            "map_customer_owned_ip_on_launch": false,
            "map_public_ip_on_launch": true,
            "outpost_arn": "",
            "owner_id": "905418266992",
            "private_dns_hostname_type_on_launch": "ip-name",
            "tags": null,
            "tags_all": {},
            "timeouts": null,
            "vpc_id": "vpc-0e1fb4b9f64fb79bc"
          },
          "sensitive_attributes": [],
          "private": "eyJlMmJmYjczMC1lY2FhLTExZTYtOGY4OC0zNDM2M2JjN2M0YzAiOnsiY3JlYXRlIjo2MDAwMDAwMDAwMDAsImRlbGV0ZSI6MTIwMDAwMDAwMDAwMH0sInNjaGVtYV92ZXJzaW9uIjoiMSJ9",
          "dependencies": [
            "aws_vpc.myvpc"
          ]
        }
      ]
    },
    {
      "mode": "managed",
      "type": "aws_vpc",
      "name": "myvpc",
      "provider": "provider[\"registry.terraform.io/hashicorp/aws\"]",
      "instances": [
        {
          "schema_version": 1,
          "attributes": {
            "arn": "arn:aws:ec2:us-east-1:905418266992:vpc/vpc-0e1fb4b9f64fb79bc",
            "assign_generated_ipv6_cidr_block": false,
            "cidr_block": "10.0.0.0/16",
            "default_network_acl_id": "acl-0a46ba21064b67ebe",
            "default_route_table_id": "rtb-0426f7b82187c5abe",
            "default_security_group_id": "sg-01715e5586a411f7b",
            "dhcp_options_id": "dopt-03854966f56942eba",
            "enable_dns_hostnames": false,
            "enable_dns_support": true,
            "enable_network_address_usage_metrics": false,
            "id": "vpc-0e1fb4b9f64fb79bc",
            "instance_tenancy": "default",
            "ipv4_ipam_pool_id": null,
            "ipv4_netmask_length": null,
            "ipv6_association_id": "",
            "ipv6_cidr_block": "",
            "ipv6_cidr_block_network_border_group": "",
            "ipv6_ipam_pool_id": "",
            "ipv6_netmask_length": 0,
            "main_route_table_id": "rtb-0426f7b82187c5abe",
            "owner_id": "905418266992",
            "tags": null,
            "tags_all": {}
          },
          "sensitive_attributes": [],
          "private": "eyJzY2hlbWFfdmVyc2lvbiI6IjEifQ=="
        }
      ]
    },
    {
      "mode": "managed",
      "type": "tls_private_key",
      "name": "example",
      "provider": "provider[\"registry.terraform.io/hashicorp/tls\"]",
      "instances": [
        {
          "schema_version": 1,
          "attributes": {
            "algorithm": "RSA",
            "ecdsa_curve": "P224",
            "id": "92263df36889ae858deb91928231815f177de269",
            "private_key_openssh": "-----BEGIN OPENSSH PRIVATE KEY-----\nb3BlbnNzaC1rZXktdjEAAAAABG5vbmUAAAAEbm9uZQAAAAAAAAABAAABFwAAAAdz\nc2gtcnNhAAAAAwEAAQAAAQEAsOVoeSXFdh2Tlf9hmOdYG2ax8EOoCYlR2akBWEkr\nuKF4nkOLfsaCm3WqMcuw86HbaJuibLZr3+k5ZTGlfsEJzAScTd35Xd7gx6rssrpv\nOwVoN5b7C9ByuH6gmnw1phjfBdX4J49bHH4jYDmWcMp6Z+nxX4kTMToTIgQOeAfc\ntWmTyqWKcKgtGIKqNfk1xKG1DGgQlIA6Q8QXFVU8l0LkWeJfcDlsgdGJByH5Bedu\nLApNBZmOcQ/2vkg/DSuC0AK4NfjCl9TCHigGt7Y88Azg9o2+IPQzyFXTHhtzuyZd\nwenVyRoOfm5oxsWrp8laZpLCNAcg6RbtmW+0/+DNnxjURwAAA7gvBTt8LwU7fAAA\nAAdzc2gtcnNhAAABAQCw5Wh5JcV2HZOV/2GY51gbZrHwQ6gJiVHZqQFYSSu4oXie\nQ4t+xoKbdaoxy7Dzodtom6Jstmvf6TllMaV+wQnMBJxN3fld3uDHquyyum87BWg3\nlvsL0HK4fqCafDWmGN8F1fgnj1scfiNgOZZwynpn6fFfiRMxOhMiBA54B9y1aZPK\npYpwqC0Ygqo1+TXEobUMaBCUgDpDxBcVVTyXQuRZ4l9wOWyB0YkHIfkF524sCk0F\nmY5xD/a+SD8NK4LQArg1+MKX1MIeKAa3tjzwDOD2jb4g9DPIVdMeG3O7Jl3B6dXJ\nGg5+bmjGxaunyVpmksI0ByDpFu2Zb7T/4M2fGNRHAAAAAwEAAQAAAQAZIzB6bryl\nsUREv3q+ALoLgsdsbiDV4haoiJSxWAyHeyKp0s1i4ZCzyL+7vcdSh8CnF9639iBU\nPE80qx5qacIbpNgVVKLYDRECLq7eIxIlX/pUU/cu0ZtLzmrCKT5ycPxYVvShooR/\nAwnB5c0UECHe3Ga5fcAlcaxAXDU2J1/cw3xQKYF07w7gGtAJQBf/7OGXA6Z5VtsI\ngzWOagYHnfmrf6Gi1g9D/0hqbrHoXK8AuD8QZMZDhjXgk9AXtJJgk1vag6MLEBtl\nL56YNyphABWGPoj5Atz7oFo5YEI4f1qJHJm46kMmbZ4Bz3bF99D4zBbn32z1KcuG\n5GqPi4AqJ6tRAAAAgQCEcLZ5wA7NZR7QwJWaDeXD0plvuZGIOWi2XDd9nRkHvw6C\nUon8TimOnjgRFUoLqssps5gNxV8xtum6ku366JuVDExa1ot4JlfqYJxEo3n2xeIN\nm2RzGYx1PI0FBAJTZVOYk+WPkRpC2uiyCTG/PPJSHATI41IPNF0XFWGEM2eD2AAA\nAIEA6ClXMSWarVCrFf4TWDSYzmv05ZJhCoHt8nAL/wvEO1dVUKXhrsDUIiOFGHQU\ns0Cu1Ev7QrziO644Lfs8gnlLKMS4RO/AaIx5DBGiycij+VK9RRuSf0sRUdfHbN0k\ny61Rf1zMvEu0jBsdz41gqkRljPaTnL3VZUJ8kImRgVSYdtkAAACBAMMPWOozQtT9\niR+AKVe/kMomzo2/QsYb4cveR/3BCsnYfEI1XRlC6adihiKKVH49wsd2P6KIGgKt\nDs+wMaGN8tdUBKkfwpYsTkDU0B0/ehkjOMIK92E9pmxH79CjoeHk5htkI21IZLDX\nmMex4bGg5Y3BAHtUOHhLhCGv12a+j/AfAAAAAAEC\n-----END OPENSSH PRIVATE KEY-----\n",
            "private_key_pem": "-----BEGIN RSA PRIVATE KEY-----\nMIIEpQIBAAKCAQEAsOVoeSXFdh2Tlf9hmOdYG2ax8EOoCYlR2akBWEkruKF4nkOL\nfsaCm3WqMcuw86HbaJuibLZr3+k5ZTGlfsEJzAScTd35Xd7gx6rssrpvOwVoN5b7\nC9ByuH6gmnw1phjfBdX4J49bHH4jYDmWcMp6Z+nxX4kTMToTIgQOeAfctWmTyqWK\ncKgtGIKqNfk1xKG1DGgQlIA6Q8QXFVU8l0LkWeJfcDlsgdGJByH5BeduLApNBZmO\ncQ/2vkg/DSuC0AK4NfjCl9TCHigGt7Y88Azg9o2+IPQzyFXTHhtzuyZdwenVyRoO\nfm5oxsWrp8laZpLCNAcg6RbtmW+0/+DNnxjURwIDAQABAoIBABkjMHpuvKWxRES/\ner4AuguCx2xuINXiFqiIlLFYDId7IqnSzWLhkLPIv7u9x1KHwKcX3rf2IFQ8TzSr\nHmppwhuk2BVUotgNEQIurt4jEiVf+lRT9y7Rm0vOasIpPnJw/FhW9KGihH8DCcHl\nzRQQId7cZrl9wCVxrEBcNTYnX9zDfFApgXTvDuAa0AlAF//s4ZcDpnlW2wiDNY5q\nBged+at/oaLWD0P/SGpusehcrwC4PxBkxkOGNeCT0Be0kmCTW9qDowsQG2Uvnpg3\nKmEAFYY+iPkC3PugWjlgQjh/WokcmbjqQyZtngHPdsX30PjMFuffbPUpy4bkao+L\ngConq1ECgYEA6ClXMSWarVCrFf4TWDSYzmv05ZJhCoHt8nAL/wvEO1dVUKXhrsDU\nIiOFGHQUs0Cu1Ev7QrziO644Lfs8gnlLKMS4RO/AaIx5DBGiycij+VK9RRuSf0sR\nUdfHbN0ky61Rf1zMvEu0jBsdz41gqkRljPaTnL3VZUJ8kImRgVSYdtkCgYEAww9Y\n6jNC1P2JH4ApV7+QyibOjb9Cxhvhy95H/cEKydh8QjVdGULpp2KGIopUfj3Cx3Y/\noogaAq0Oz7AxoY3y11QEqR/ClixOQNTQHT96GSM4wgr3YT2mbEfv0KOh4eTmG2Qj\nbUhksNeYx7HhsaDljcEAe1Q4eEuEIa/XZr6P8B8CgYEAxf6b0dpUNANcJYFuVgdl\nWoZPcYqJIED3AY/1aypJzKIKrKEL+9GQGR1Z4ST+knFTqNK0EpKsDmHin7RoQo3X\nP4ml7YTa/07t3REdWCG5VmTt7gY5xj3rI3V3KqzfOKUzn/8wzFV0QRjPL7dO/Wcf\nhDy2XzK2z4kIWuw4H6hZ7uECgYEApkOQsKBdGRu7JASkOM1q50TIz331ttPRVWr0\nxlEjlwVWdUDzSDMG4sxSNWLfvnN6cXZTq4CDW0CT3Wf8Bg7urahKCLavsD23vf8o\nHaYbtw2UtaGPV22rS6TNv3Oa6uenVDW5FM+eNDaxXZY8IKJayMd4V6dkMvV7fRNb\ncZKBMlUCgYEAhHC2ecAOzWUe0MCVmg3lw9KZb7mRiDlotlw3fZ0ZB78OglKJ/E4p\njp44ERVKC6rLKbOYDcVfMbbpupLt+uiblQxMWtaLeCZX6mCcRKN59sXiDZtkcxmM\ndTyNBQQCU2VTmJPlj5EaQtrosgkxvzzyUhwEyONSDzRdFxVhhDNng9g=\n-----END RSA PRIVATE KEY-----\n",
            "private_key_pem_pkcs8": "-----BEGIN PRIVATE KEY-----\nMIIEvwIBADANBgkqhkiG9w0BAQEFAASCBKkwggSlAgEAAoIBAQCw5Wh5JcV2HZOV\n/2GY51gbZrHwQ6gJiVHZqQFYSSu4oXieQ4t+xoKbdaoxy7Dzodtom6Jstmvf6Tll\nMaV+wQnMBJxN3fld3uDHquyyum87BWg3lvsL0HK4fqCafDWmGN8F1fgnj1scfiNg\nOZZwynpn6fFfiRMxOhMiBA54B9y1aZPKpYpwqC0Ygqo1+TXEobUMaBCUgDpDxBcV\nVTyXQuRZ4l9wOWyB0YkHIfkF524sCk0FmY5xD/a+SD8NK4LQArg1+MKX1MIeKAa3\ntjzwDOD2jb4g9DPIVdMeG3O7Jl3B6dXJGg5+bmjGxaunyVpmksI0ByDpFu2Zb7T/\n4M2fGNRHAgMBAAECggEAGSMwem68pbFERL96vgC6C4LHbG4g1eIWqIiUsVgMh3si\nqdLNYuGQs8i/u73HUofApxfet/YgVDxPNKseamnCG6TYFVSi2A0RAi6u3iMSJV/6\nVFP3LtGbS85qwik+cnD8WFb0oaKEfwMJweXNFBAh3txmuX3AJXGsQFw1Nidf3MN8\nUCmBdO8O4BrQCUAX/+zhlwOmeVbbCIM1jmoGB535q3+hotYPQ/9Iam6x6FyvALg/\nEGTGQ4Y14JPQF7SSYJNb2oOjCxAbZS+emDcqYQAVhj6I+QLc+6BaOWBCOH9aiRyZ\nuOpDJm2eAc92xffQ+MwW599s9SnLhuRqj4uAKierUQKBgQDoKVcxJZqtUKsV/hNY\nNJjOa/TlkmEKge3ycAv/C8Q7V1VQpeGuwNQiI4UYdBSzQK7US/tCvOI7rjgt+zyC\neUsoxLhE78BojHkMEaLJyKP5Ur1FG5J/SxFR18ds3STLrVF/XMy8S7SMGx3PjWCq\nRGWM9pOcvdVlQnyQiZGBVJh22QKBgQDDD1jqM0LU/YkfgClXv5DKJs6Nv0LGG+HL\n3kf9wQrJ2HxCNV0ZQumnYoYiilR+PcLHdj+iiBoCrQ7PsDGhjfLXVASpH8KWLE5A\n1NAdP3oZIzjCCvdhPaZsR+/Qo6Hh5OYbZCNtSGSw15jHseGxoOWNwQB7VDh4S4Qh\nr9dmvo/wHwKBgQDF/pvR2lQ0A1wlgW5WB2Vahk9xiokgQPcBj/VrKknMogqsoQv7\n0ZAZHVnhJP6ScVOo0rQSkqwOYeKftGhCjdc/iaXthNr/Tu3dER1YIblWZO3uBjnG\nPesjdXcqrN84pTOf/zDMVXRBGM8vt079Zx+EPLZfMrbPiQha7DgfqFnu4QKBgQCm\nQ5CwoF0ZG7skBKQ4zWrnRMjPffW209FVavTGUSOXBVZ1QPNIMwbizFI1Yt++c3px\ndlOrgINbQJPdZ/wGDu6tqEoItq+wPbe9/ygdphu3DZS1oY9XbatLpM2/c5rq56dU\nNbkUz540NrFdljwgolrIx3hXp2Qy9Xt9E1txkoEyVQKBgQCEcLZ5wA7NZR7QwJWa\nDeXD0plvuZGIOWi2XDd9nRkHvw6CUon8TimOnjgRFUoLqssps5gNxV8xtum6ku36\n6JuVDExa1ot4JlfqYJxEo3n2xeINm2RzGYx1PI0FBAJTZVOYk+WPkRpC2uiyCTG/\nPPJSHATI41IPNF0XFWGEM2eD2A==\n-----END PRIVATE KEY-----\n",
            "public_key_fingerprint_md5": "48:2a:08:7d:b8:ea:cc:32:f1:f1:9c:38:30:d1:e1:99",
            "public_key_fingerprint_sha256": "SHA256:qsRtnUNMfsGAxuuN3FCILZ9vuo2FojDoUJpOLsrAyDA",
            "public_key_openssh": "ssh-rsa AAAAB3NzaC1yc2EAAAADAQABAAABAQCw5Wh5JcV2HZOV/2GY51gbZrHwQ6gJiVHZqQFYSSu4oXieQ4t+xoKbdaoxy7Dzodtom6Jstmvf6TllMaV+wQnMBJxN3fld3uDHquyyum87BWg3lvsL0HK4fqCafDWmGN8F1fgnj1scfiNgOZZwynpn6fFfiRMxOhMiBA54B9y1aZPKpYpwqC0Ygqo1+TXEobUMaBCUgDpDxBcVVTyXQuRZ4l9wOWyB0YkHIfkF524sCk0FmY5xD/a+SD8NK4LQArg1+MKX1MIeKAa3tjzwDOD2jb4g9DPIVdMeG3O7Jl3B6dXJGg5+bmjGxaunyVpmksI0ByDpFu2Zb7T/4M2fGNRH\n",
            "public_key_pem": "-----BEGIN PUBLIC KEY-----\nMIIBIjANBgkqhkiG9w0BAQEFAAOCAQ8AMIIBCgKCAQEAsOVoeSXFdh2Tlf9hmOdY\nG2ax8EOoCYlR2akBWEkruKF4nkOLfsaCm3WqMcuw86HbaJuibLZr3+k5ZTGlfsEJ\nzAScTd35Xd7gx6rssrpvOwVoN5b7C9ByuH6gmnw1phjfBdX4J49bHH4jYDmWcMp6\nZ+nxX4kTMToTIgQOeAfctWmTyqWKcKgtGIKqNfk1xKG1DGgQlIA6Q8QXFVU8l0Lk\nWeJfcDlsgdGJByH5BeduLApNBZmOcQ/2vkg/DSuC0AK4NfjCl9TCHigGt7Y88Azg\n9o2+IPQzyFXTHhtzuyZdwenVyRoOfm5oxsWrp8laZpLCNAcg6RbtmW+0/+DNnxjU\nRwIDAQAB\n-----END PUBLIC KEY-----\n",
            "rsa_bits": 2048
          },
          "sensitive_attributes": []
        }
      ]
    }
  ],
  "check_results": null
}
